
Microsoft Visual Studio Solution File, Format Version 12.00
# Visual Studio 15
VisualStudioVersion = 15.0.27703.2000
MinimumVisualStudioVersion = 10.0.40219.1
Project("{8BC9CEB8-8B4A-11D0-8D11-00A0C91BC942}") = "No_SQL_DB", "No_SQL_DB\No_SQL_DB.vcxproj", "{6098DD7F-15F6-4BF6-A526-2749844FE55C}"
EndProject
Global
	GlobalSection(SolutionConfigurationPlatforms) = preSolution
		Debug|x64 = Debug|x64
		Debug|x86 = Debug|x86
		Release|x64 = Release|x64
		Release|x86 = Release|x86
	EndGlobalSection
	GlobalSection(ProjectConfigurationPlatforms) = postSolution
		{6098DD7F-15F6-4BF6-A526-2749844FE55C}.Debug|x64.ActiveCfg = Debug|x64
		{6098DD7F-15F6-4BF6-A526-2749844FE55C}.Debug|x64.Build.0 = Debug|x64
		{6098DD7F-15F6-4BF6-A526-2749844FE55C}.Debug|x86.ActiveCfg = Debug|Win32
		{6098DD7F-15F6-4BF6-A526-2749844FE55C}.Debug|x86.Build.0 = Debug|Win32
		{6098DD7F-15F6-4BF6-A526-2749844FE55C}.Release|x64.ActiveCfg = Release|x64
		{6098DD7F-15F6-4BF6-A526-2749844FE55C}.Release|x64.Build.0 = Release|x64
		{6098DD7F-15F6-4BF6-A526-2749844FE55C}.Release|x86.ActiveCfg = Release|Win32
		{6098DD7F-15F6-4BF6-A526-2749844FE55C}.Release|x86.Build.0 = Release|Win32
	EndGlobalSection
	GlobalSection(SolutionProperties) = preSolution
		HideSolutionNode = FALSE
	EndGlobalSection
	GlobalSection(ExtensibilityGlobals) = postSolution
		SolutionGuid = {5B7257F9-30F5-45E9-99F5-55BFD71B7346}
	EndGlobalSection
EndGlobal
